
Microsoft Visual Studio Solution File, Format Version 12.00
# Visual Studio Version 16
VisualStudioVersion = 16.0.30104.148
MinimumVisualStudioVersion = 10.0.40219.1
Project("{FAE04EC0-301F-11D3-BF4B-00C04F79EFBC}") = "Ejemploestructuradatos", "Ejemploestructuradatos\Ejemploestructuradatos.csproj", "{FFF1FCCB-2D51-4DFE-85B9-2CB982025E01}"
EndProject
Global
	GlobalSection(SolutionConfigurationPlatforms) = preSolution
		Debug|Any CPU = Debug|Any CPU
		Release|Any CPU = Release|Any CPU
	EndGlobalSection
	GlobalSection(ProjectConfigurationPlatforms) = postSolution
		{FFF1FCCB-2D51-4DFE-85B9-2CB982025E01}.Debug|Any CPU.ActiveCfg = Debug|Any CPU
		{FFF1FCCB-2D51-4DFE-85B9-2CB982025E01}.Debug|Any CPU.Build.0 = Debug|Any CPU
		{FFF1FCCB-2D51-4DFE-85B9-2CB982025E01}.Release|Any CPU.ActiveCfg = Release|Any CPU
		{FFF1FCCB-2D51-4DFE-85B9-2CB982025E01}.Release|Any CPU.Build.0 = Release|Any CPU
	EndGlobalSection
	GlobalSection(SolutionProperties) = preSolution
		HideSolutionNode = FALSE
	EndGlobalSection
	GlobalSection(ExtensibilityGlobals) = postSolution
		SolutionGuid = {BFD7BCF1-D5A3-4432-A4D3-797CD8FC161B}
	EndGlobalSection
EndGlobal
